
Microsoft Visual Studio Solution File, Format Version 12.00
# Visual Studio 15
Project("{FAE04EC0-301F-11D3-BF4B-00C04F79EFBC}") = "MerryYellow.CodeAssist.Editor", "MerryYellow.CodeAssist.Editor.csproj", "{522CBDC3-04C8-D8CE-34E9-037A735BC9D3}"
EndProject
Project("{FAE04EC0-301F-11D3-BF4B-00C04F79EFBC}") = "Assembly-CSharp", "Assembly-CSharp.csproj", "{11BAEA6B-B2DD-CD7B-B97E-16E7F9A86AEF}"
EndProject
Project("{FAE04EC0-301F-11D3-BF4B-00C04F79EFBC}") = "Assembly-CSharp-Editor", "Assembly-CSharp-Editor.csproj", "{BFA65908-6753-6584-0EA5-F1F902FC4295}"
EndProject
Global
	GlobalSection(SolutionConfigurationPlatforms) = preSolution
		Debug|Any CPU = Debug|Any CPU
		Release|Any CPU = Release|Any CPU
	EndGlobalSection
	GlobalSection(ProjectConfigurationPlatforms) = postSolution
		{522CBDC3-04C8-D8CE-34E9-037A735BC9D3}.Debug|Any CPU.ActiveCfg = Debug|Any CPU
		{522CBDC3-04C8-D8CE-34E9-037A735BC9D3}.Debug|Any CPU.Build.0 = Debug|Any CPU
		{522CBDC3-04C8-D8CE-34E9-037A735BC9D3}.Release|Any CPU.ActiveCfg = Release|Any CPU
		{522CBDC3-04C8-D8CE-34E9-037A735BC9D3}.Release|Any CPU.Build.0 = Release|Any CPU
		{11BAEA6B-B2DD-CD7B-B97E-16E7F9A86AEF}.Debug|Any CPU.ActiveCfg = Debug|Any CPU
		{11BAEA6B-B2DD-CD7B-B97E-16E7F9A86AEF}.Debug|Any CPU.Build.0 = Debug|Any CPU
		{11BAEA6B-B2DD-CD7B-B97E-16E7F9A86AEF}.Release|Any CPU.ActiveCfg = Release|Any CPU
		{11BAEA6B-B2DD-CD7B-B97E-16E7F9A86AEF}.Release|Any CPU.Build.0 = Release|Any CPU
		{BFA65908-6753-6584-0EA5-F1F902FC4295}.Debug|Any CPU.ActiveCfg = Debug|Any CPU
		{BFA65908-6753-6584-0EA5-F1F902FC4295}.Debug|Any CPU.Build.0 = Debug|Any CPU
		{BFA65908-6753-6584-0EA5-F1F902FC4295}.Release|Any CPU.ActiveCfg = Release|Any CPU
		{BFA65908-6753-6584-0EA5-F1F902FC4295}.Release|Any CPU.Build.0 = Release|Any CPU
	EndGlobalSection
	GlobalSection(SolutionProperties) = preSolution
		HideSolutionNode = FALSE
	EndGlobalSection
EndGlobal
